
Microsoft Visual Studio Solution File, Format Version 12.00
# Visual Studio Version 16
VisualStudioVersion = 16.0.30717.126
MinimumVisualStudioVersion = 10.0.40219.1
Project("{FAE04EC0-301F-11D3-BF4B-00C04F79EFBC}") = "EStoreProject", "EStoreProject\EStoreProject.csproj", "{B26641FF-D79E-4EC7-98AC-E319E237565F}"
EndProject
Project("{FAE04EC0-301F-11D3-BF4B-00C04F79EFBC}") = "EStoreProject.BusinessLogic", "EStoreProject.BusinessLogic\EStoreProject.BusinessLogic.csproj", "{51C46D2A-B764-4EF6-89D7-7124022CECD7}"
EndProject
Project("{FAE04EC0-301F-11D3-BF4B-00C04F79EFBC}") = "EStoreProject.DataAccess", "EStoreProject.DataAccess\EStoreProject.DataAccess.csproj", "{A2A95032-61D9-48BB-B10C-3DC1A68BE691}"
EndProject
Project("{FAE04EC0-301F-11D3-BF4B-00C04F79EFBC}") = "EStoreProject.Model", "EStoreProject.Model\EStoreProject.Model.csproj", "{09965A2A-479E-49E3-9B67-99B8D9E358D3}"
EndProject
Global
	GlobalSection(SolutionConfigurationPlatforms) = preSolution
		Debug|Any CPU = Debug|Any CPU
		Release|Any CPU = Release|Any CPU
	EndGlobalSection
	GlobalSection(ProjectConfigurationPlatforms) = postSolution
		{B26641FF-D79E-4EC7-98AC-E319E237565F}.Debug|Any CPU.ActiveCfg = Debug|Any CPU
		{B26641FF-D79E-4EC7-98AC-E319E237565F}.Debug|Any CPU.Build.0 = Debug|Any CPU
		{B26641FF-D79E-4EC7-98AC-E319E237565F}.Release|Any CPU.ActiveCfg = Release|Any CPU
		{B26641FF-D79E-4EC7-98AC-E319E237565F}.Release|Any CPU.Build.0 = Release|Any CPU
		{51C46D2A-B764-4EF6-89D7-7124022CECD7}.Debug|Any CPU.ActiveCfg = Debug|Any CPU
		{51C46D2A-B764-4EF6-89D7-7124022CECD7}.Debug|Any CPU.Build.0 = Debug|Any CPU
		{51C46D2A-B764-4EF6-89D7-7124022CECD7}.Release|Any CPU.ActiveCfg = Release|Any CPU
		{51C46D2A-B764-4EF6-89D7-7124022CECD7}.Release|Any CPU.Build.0 = Release|Any CPU
		{A2A95032-61D9-48BB-B10C-3DC1A68BE691}.Debug|Any CPU.ActiveCfg = Debug|Any CPU
		{A2A95032-61D9-48BB-B10C-3DC1A68BE691}.Debug|Any CPU.Build.0 = Debug|Any CPU
		{A2A95032-61D9-48BB-B10C-3DC1A68BE691}.Release|Any CPU.ActiveCfg = Release|Any CPU
		{A2A95032-61D9-48BB-B10C-3DC1A68BE691}.Release|Any CPU.Build.0 = Release|Any CPU
		{09965A2A-479E-49E3-9B67-99B8D9E358D3}.Debug|Any CPU.ActiveCfg = Debug|Any CPU
		{09965A2A-479E-49E3-9B67-99B8D9E358D3}.Debug|Any CPU.Build.0 = Debug|Any CPU
		{09965A2A-479E-49E3-9B67-99B8D9E358D3}.Release|Any CPU.ActiveCfg = Release|Any CPU
		{09965A2A-479E-49E3-9B67-99B8D9E358D3}.Release|Any CPU.Build.0 = Release|Any CPU
	EndGlobalSection
	GlobalSection(SolutionProperties) = preSolution
		HideSolutionNode = FALSE
	EndGlobalSection
	GlobalSection(ExtensibilityGlobals) = postSolution
		SolutionGuid = {76589440-4978-495B-87E0-94B7F114303E}
	EndGlobalSection
EndGlobal
